
Microsoft Visual Studio Solution File, Format Version 12.00
# Visual Studio 15
VisualStudioVersion = 15.0.27428.2011
MinimumVisualStudioVersion = 10.0.40219.1
Project("{FAE04EC0-301F-11D3-BF4B-00C04F79EFBC}") = "LabMVC1", "LabMVC1\LabMVC1.csproj", "{4EA64BE8-E23C-4303-8C29-C69790CE1503}"
EndProject
Global
	GlobalSection(SolutionConfigurationPlatforms) = preSolution
		Debug|Any CPU = Debug|Any CPU
		Release|Any CPU = Release|Any CPU
	EndGlobalSection
	GlobalSection(ProjectConfigurationPlatforms) = postSolution
		{4EA64BE8-E23C-4303-8C29-C69790CE1503}.Debug|Any CPU.ActiveCfg = Debug|Any CPU
		{4EA64BE8-E23C-4303-8C29-C69790CE1503}.Debug|Any CPU.Build.0 = Debug|Any CPU
		{4EA64BE8-E23C-4303-8C29-C69790CE1503}.Release|Any CPU.ActiveCfg = Release|Any CPU
		{4EA64BE8-E23C-4303-8C29-C69790CE1503}.Release|Any CPU.Build.0 = Release|Any CPU
	EndGlobalSection
	GlobalSection(SolutionProperties) = preSolution
		HideSolutionNode = FALSE
	EndGlobalSection
	GlobalSection(ExtensibilityGlobals) = postSolution
		SolutionGuid = {BBE72331-1C25-4E41-8C7F-3B9EE9751B24}
	EndGlobalSection
EndGlobal
