
Microsoft Visual Studio Solution File, Format Version 12.00
# Visual Studio 15
VisualStudioVersion = 15.0.27428.2011
MinimumVisualStudioVersion = 10.0.40219.1
Project("{FAE04EC0-301F-11D3-BF4B-00C04F79EFBC}") = "Kolokvium1", "Kolokvium1\Kolokvium1.csproj", "{021CD91E-8D43-4161-837E-723C74AAB90E}"
EndProject
Global
	GlobalSection(SolutionConfigurationPlatforms) = preSolution
		Debug|Any CPU = Debug|Any CPU
		Release|Any CPU = Release|Any CPU
	EndGlobalSection
	GlobalSection(ProjectConfigurationPlatforms) = postSolution
		{021CD91E-8D43-4161-837E-723C74AAB90E}.Debug|Any CPU.ActiveCfg = Debug|Any CPU
		{021CD91E-8D43-4161-837E-723C74AAB90E}.Debug|Any CPU.Build.0 = Debug|Any CPU
		{021CD91E-8D43-4161-837E-723C74AAB90E}.Release|Any CPU.ActiveCfg = Release|Any CPU
		{021CD91E-8D43-4161-837E-723C74AAB90E}.Release|Any CPU.Build.0 = Release|Any CPU
	EndGlobalSection
	GlobalSection(SolutionProperties) = preSolution
		HideSolutionNode = FALSE
	EndGlobalSection
	GlobalSection(ExtensibilityGlobals) = postSolution
		SolutionGuid = {D7FB2577-51FD-466F-886E-A8043E6E205B}
	EndGlobalSection
EndGlobal
